
Microsoft Visual Studio Solution File, Format Version 12.00
# Visual Studio Version 17
VisualStudioVersion = 17.9.34622.214
MinimumVisualStudioVersion = 10.0.40219.1
Project("{8BC9CEB8-8B4A-11D0-8D11-00A0C91BC942}") = "PictCore", "PictCore\PictCore.vcxproj", "{C39AFD12-A08B-45A4-A65F-F394F51D66C2}"
EndProject
Project("{8BC9CEB8-8B4A-11D0-8D11-00A0C91BC942}") = "PictCli", "PictCli\PictCli.vcxproj", "{BA8A662B-CC70-4FFA-AF64-D5DE11D74690}"
EndProject
Project("{FAE04EC0-301F-11D3-BF4B-00C04F79EFBC}") = "PictApi", "PictApi\PictApi.csproj", "{2484507F-3689-4212-9706-640D7171CC4E}"
EndProject
Global
	GlobalSection(SolutionConfigurationPlatforms) = preSolution
		Debug|Any CPU = Debug|Any CPU
		Debug|x64 = Debug|x64
		Debug|x86 = Debug|x86
		Release|Any CPU = Release|Any CPU
		Release|x64 = Release|x64
		Release|x86 = Release|x86
	EndGlobalSection
	GlobalSection(ProjectConfigurationPlatforms) = postSolution
		{C39AFD12-A08B-45A4-A65F-F394F51D66C2}.Debug|Any CPU.ActiveCfg = Debug|x64
		{C39AFD12-A08B-45A4-A65F-F394F51D66C2}.Debug|Any CPU.Build.0 = Debug|x64
		{C39AFD12-A08B-45A4-A65F-F394F51D66C2}.Debug|x64.ActiveCfg = Debug|x64
		{C39AFD12-A08B-45A4-A65F-F394F51D66C2}.Debug|x64.Build.0 = Debug|x64
		{C39AFD12-A08B-45A4-A65F-F394F51D66C2}.Debug|x86.ActiveCfg = Debug|Win32
		{C39AFD12-A08B-45A4-A65F-F394F51D66C2}.Debug|x86.Build.0 = Debug|Win32
		{C39AFD12-A08B-45A4-A65F-F394F51D66C2}.Release|Any CPU.ActiveCfg = Release|x64
		{C39AFD12-A08B-45A4-A65F-F394F51D66C2}.Release|Any CPU.Build.0 = Release|x64
		{C39AFD12-A08B-45A4-A65F-F394F51D66C2}.Release|x64.ActiveCfg = Release|x64
		{C39AFD12-A08B-45A4-A65F-F394F51D66C2}.Release|x64.Build.0 = Release|x64
		{C39AFD12-A08B-45A4-A65F-F394F51D66C2}.Release|x86.ActiveCfg = Release|Win32
		{C39AFD12-A08B-45A4-A65F-F394F51D66C2}.Release|x86.Build.0 = Release|Win32
		{BA8A662B-CC70-4FFA-AF64-D5DE11D74690}.Debug|Any CPU.ActiveCfg = Debug|x64
		{BA8A662B-CC70-4FFA-AF64-D5DE11D74690}.Debug|Any CPU.Build.0 = Debug|x64
		{BA8A662B-CC70-4FFA-AF64-D5DE11D74690}.Debug|x64.ActiveCfg = Debug|x64
		{BA8A662B-CC70-4FFA-AF64-D5DE11D74690}.Debug|x64.Build.0 = Debug|x64
		{BA8A662B-CC70-4FFA-AF64-D5DE11D74690}.Debug|x86.ActiveCfg = Debug|Win32
		{BA8A662B-CC70-4FFA-AF64-D5DE11D74690}.Debug|x86.Build.0 = Debug|Win32
		{BA8A662B-CC70-4FFA-AF64-D5DE11D74690}.Release|Any CPU.ActiveCfg = Release|x64
		{BA8A662B-CC70-4FFA-AF64-D5DE11D74690}.Release|Any CPU.Build.0 = Release|x64
		{BA8A662B-CC70-4FFA-AF64-D5DE11D74690}.Release|x64.ActiveCfg = Release|x64
		{BA8A662B-CC70-4FFA-AF64-D5DE11D74690}.Release|x64.Build.0 = Release|x64
		{BA8A662B-CC70-4FFA-AF64-D5DE11D74690}.Release|x86.ActiveCfg = Release|Win32
		{BA8A662B-CC70-4FFA-AF64-D5DE11D74690}.Release|x86.Build.0 = Release|Win32
		{2484507F-3689-4212-9706-640D7171CC4E}.Debug|Any CPU.ActiveCfg = Debug|Any CPU
		{2484507F-3689-4212-9706-640D7171CC4E}.Debug|Any CPU.Build.0 = Debug|Any CPU
		{2484507F-3689-4212-9706-640D7171CC4E}.Debug|x64.ActiveCfg = Debug|Any CPU
		{2484507F-3689-4212-9706-640D7171CC4E}.Debug|x64.Build.0 = Debug|Any CPU
		{2484507F-3689-4212-9706-640D7171CC4E}.Debug|x86.ActiveCfg = Debug|Any CPU
		{2484507F-3689-4212-9706-640D7171CC4E}.Debug|x86.Build.0 = Debug|Any CPU
		{2484507F-3689-4212-9706-640D7171CC4E}.Release|Any CPU.ActiveCfg = Release|Any CPU
		{2484507F-3689-4212-9706-640D7171CC4E}.Release|Any CPU.Build.0 = Release|Any CPU
		{2484507F-3689-4212-9706-640D7171CC4E}.Release|x64.ActiveCfg = Release|Any CPU
		{2484507F-3689-4212-9706-640D7171CC4E}.Release|x64.Build.0 = Release|Any CPU
		{2484507F-3689-4212-9706-640D7171CC4E}.Release|x86.ActiveCfg = Release|Any CPU
		{2484507F-3689-4212-9706-640D7171CC4E}.Release|x86.Build.0 = Release|Any CPU
	EndGlobalSection
	GlobalSection(SolutionProperties) = preSolution
		HideSolutionNode = FALSE
	EndGlobalSection
	GlobalSection(ExtensibilityGlobals) = postSolution
		SolutionGuid = {11EF7E4A-63EE-46D9-B7AB-ED078F17571C}
	EndGlobalSection
EndGlobal
