<?xml version="1.0" encoding="utf-8"?>
<Project ToolsVersion="4.0" xmlns="http://schemas.microsoft.com/developer/msbuild/2003">
  <ItemGroup>
    <Filter Include="Source Files">
      <UniqueIdentifier>{4FC737F1-C7A5-4376-A066-2A32D752A2FF}</UniqueIdentifier>
      <Extensions>cpp;c;cc;cxx;c++;cppm;ixx;def;odl;idl;hpj;bat;asm;asmx</Extensions>
    </Filter>
    <Filter Include="Header Files">
      <UniqueIdentifier>{93995380-89BD-4b04-88EB-625FBE52EBFB}</UniqueIdentifier>
      <Extensions>h;hh;hpp;hxx;h++;hm;inl;inc;ipp;xsd</Extensions>
    </Filter>
    <Filter Include="Resource Files">
      <UniqueIdentifier>{67DA6AB6-F800-4c08-8B7A-83BB121AAD01}</UniqueIdentifier>
      <Extensions>rc;ico;cur;bmp;dlg;rc2;rct;bin;rgs;gif;jpg;jpeg;jpe;resx;tiff;tif;png;wav;mfcribbon-ms</Extensions>
    </Filter>
    <Filter Include="Header Files\core">
      <UniqueIdentifier>{2478f377-aaee-42f9-abed-14ff2ce83ea6}</UniqueIdentifier>
    </Filter>
    <Filter Include="Source Files\core">
      <UniqueIdentifier>{73f534e3-640d-4bb1-b2cf-0b134301c1aa}</UniqueIdentifier>
    </Filter>
    <Filter Include="Header Files\api">
      <UniqueIdentifier>{e60fac10-b8e1-4dba-b1f4-bf2c39f0ec12}</UniqueIdentifier>
    </Filter>
    <Filter Include="Source Files\api">
      <UniqueIdentifier>{d3d7cd63-a181-4d77-aafd-bd490bec4b9d}</UniqueIdentifier>
    </Filter>
  </ItemGroup>
  <ItemGroup>
    <ClInclude Include="core_api.h">
      <Filter>Header Files</Filter>
    </ClInclude>
    <ClInclude Include="headers\Entity.h">
      <Filter>Header Files\core</Filter>
    </ClInclude>
    <ClInclude Include="api\deriver.h">
      <Filter>Header Files\api</Filter>
    </ClInclude>
    <ClInclude Include="api\generator.h">
      <Filter>Header Files\api</Filter>
    </ClInclude>
    <ClInclude Include="api\pictapi.h">
      <Filter>Header Files\api</Filter>
    </ClInclude>
    <ClInclude Include="api\resource.h">
      <Filter>Header Files\api</Filter>
    </ClInclude>
    <ClInclude Include="api\trie.h">
      <Filter>Header Files\api</Filter>
    </ClInclude>
  </ItemGroup>
  <ItemGroup>
    <ClCompile Include="src\Entity.cpp">
      <Filter>Source Files\core</Filter>
    </ClCompile>
    <ClCompile Include="api\combination.cpp">
      <Filter>Source Files\api</Filter>
    </ClCompile>
    <ClCompile Include="api\deriver.cpp">
      <Filter>Source Files\api</Filter>
    </ClCompile>
    <ClCompile Include="api\exclusion.cpp">
      <Filter>Source Files\api</Filter>
    </ClCompile>
    <ClCompile Include="api\model.cpp">
      <Filter>Source Files\api</Filter>
    </ClCompile>
    <ClCompile Include="api\parameter.cpp">
      <Filter>Source Files\api</Filter>
    </ClCompile>
    <ClCompile Include="api\pictapi.cpp">
      <Filter>Source Files\api</Filter>
    </ClCompile>
    <ClCompile Include="api\task.cpp">
      <Filter>Source Files\api</Filter>
    </ClCompile>
    <ClCompile Include="api\worklist.cpp">
      <Filter>Source Files\api</Filter>
    </ClCompile>
  </ItemGroup>
</Project>