<?xml version="1.0" encoding="utf-8"?>
<Project ToolsVersion="4.0" xmlns="http://schemas.microsoft.com/developer/msbuild/2003">
  <ItemGroup>
    <Filter Include="Source Files">
      <UniqueIdentifier>{4FC737F1-C7A5-4376-A066-2A32D752A2FF}</UniqueIdentifier>
      <Extensions>cpp;c;cc;cxx;c++;cppm;ixx;def;odl;idl;hpj;bat;asm;asmx</Extensions>
    </Filter>
    <Filter Include="Header Files">
      <UniqueIdentifier>{93995380-89BD-4b04-88EB-625FBE52EBFB}</UniqueIdentifier>
      <Extensions>h;hh;hpp;hxx;h++;hm;inl;inc;ipp;xsd</Extensions>
    </Filter>
    <Filter Include="Resource Files">
      <UniqueIdentifier>{67DA6AB6-F800-4c08-8B7A-83BB121AAD01}</UniqueIdentifier>
      <Extensions>rc;ico;cur;bmp;dlg;rc2;rct;bin;rgs;gif;jpg;jpeg;jpe;resx;tiff;tif;png;wav;mfcribbon-ms</Extensions>
    </Filter>
    <Filter Include="Header Files\Wrappers">
      <UniqueIdentifier>{af391eea-5959-4734-8725-3b5158fd67f9}</UniqueIdentifier>
    </Filter>
    <Filter Include="Source Files\Wrappers">
      <UniqueIdentifier>{ba7965d0-ef18-4b4f-b640-3370fdba86c1}</UniqueIdentifier>
    </Filter>
    <Filter Include="Header Files\Cli">
      <UniqueIdentifier>{1ba74eba-acaf-490b-9a54-df0af841c0f8}</UniqueIdentifier>
    </Filter>
    <Filter Include="Source Files\Cli">
      <UniqueIdentifier>{df13bb46-b6af-43e0-9b06-56b1475e5533}</UniqueIdentifier>
    </Filter>
  </ItemGroup>
  <ItemGroup>
    <ClCompile Include="src\cli_wrappers\EntityWrapper.cpp">
      <Filter>Source Files\Wrappers</Filter>
    </ClCompile>
  </ItemGroup>
  <ItemGroup>
    <ClInclude Include="headers\cli_wrappers\EntityWrapper.h">
      <Filter>Header Files\Wrappers</Filter>
    </ClInclude>
    <ClInclude Include="headers\cli_wrappers\generics\ManagedObject.h">
      <Filter>Header Files\Cli</Filter>
    </ClInclude>
  </ItemGroup>
</Project>